
Microsoft Visual Studio Solution File, Format Version 12.00
# Visual Studio Version 16
VisualStudioVersion = 25.0.1706.0
MinimumVisualStudioVersion = 10.0.40219.1
Project("{FAE04EC0-301F-11D3-BF4B-00C04F79EFBC}") = "AmazingWebsocketChat", "AmazingWebsocketChat\AmazingWebsocketChat.csproj", "{339B9CDF-88B7-487E-8531-A4FA8189F10E}"
EndProject
Global
	GlobalSection(SolutionConfigurationPlatforms) = preSolution
		Debug|Any CPU = Debug|Any CPU
		Release|Any CPU = Release|Any CPU
	EndGlobalSection
	GlobalSection(ProjectConfigurationPlatforms) = postSolution
		{339B9CDF-88B7-487E-8531-A4FA8189F10E}.Debug|Any CPU.ActiveCfg = Debug|Any CPU
		{339B9CDF-88B7-487E-8531-A4FA8189F10E}.Debug|Any CPU.Build.0 = Debug|Any CPU
		{339B9CDF-88B7-487E-8531-A4FA8189F10E}.Release|Any CPU.ActiveCfg = Release|Any CPU
		{339B9CDF-88B7-487E-8531-A4FA8189F10E}.Release|Any CPU.Build.0 = Release|Any CPU
	EndGlobalSection
	GlobalSection(SolutionProperties) = preSolution
		HideSolutionNode = FALSE
	EndGlobalSection
	GlobalSection(ExtensibilityGlobals) = postSolution
		SolutionGuid = {F8E7F13B-0988-46F6-9B9B-DA712CF1B5CF}
	EndGlobalSection
EndGlobal
